
Microsoft Visual Studio Solution File, Format Version 12.00
Project("{FAE04EC0-301F-11D3-BF4B-00C04F79EFBC}") = "VideoPlayer_EasierCS", "VideoPlayer_EasierCS.csproj", "{1C33C0A1-E8E0-4882-A25F-C81016EA5649}"
EndProject
Global
	GlobalSection(SolutionConfigurationPlatforms) = preSolution
		Debug|Any CPU = Debug|Any CPU
		Release|Any CPU = Release|Any CPU
	EndGlobalSection
	GlobalSection(ProjectConfigurationPlatforms) = postSolution
		{1C33C0A1-E8E0-4882-A25F-C81016EA5649}.Debug|Any CPU.ActiveCfg = Debug|Any CPU
		{1C33C0A1-E8E0-4882-A25F-C81016EA5649}.Debug|Any CPU.Build.0 = Debug|Any CPU
		{1C33C0A1-E8E0-4882-A25F-C81016EA5649}.Release|Any CPU.ActiveCfg = Release|Any CPU
		{1C33C0A1-E8E0-4882-A25F-C81016EA5649}.Release|Any CPU.Build.0 = Release|Any CPU
	EndGlobalSection
EndGlobal
